
Microsoft Visual Studio Solution File, Format Version 12.00
# Visual Studio Version 17
VisualStudioVersion = 17.4.33403.182
MinimumVisualStudioVersion = 10.0.40219.1
Project("{FAE04EC0-301F-11D3-BF4B-00C04F79EFBC}") = "TaskifyAuthService", "TaskifyAuthService\TaskifyAuthService.csproj", "{36DC60E5-E47A-49CC-B84E-AB3CD130CC4C}"
EndProject
Project("{FAE04EC0-301F-11D3-BF4B-00C04F79EFBC}") = "TaskifyAuthService.DAL", "TaskifyDal\TaskifyAuthService.DAL.csproj", "{47C11B26-977B-4696-B490-30C755B38F2C}"
EndProject
Global
	GlobalSection(SolutionConfigurationPlatforms) = preSolution
		Debug|Any CPU = Debug|Any CPU
		Release|Any CPU = Release|Any CPU
	EndGlobalSection
	GlobalSection(ProjectConfigurationPlatforms) = postSolution
		{36DC60E5-E47A-49CC-B84E-AB3CD130CC4C}.Debug|Any CPU.ActiveCfg = Debug|Any CPU
		{36DC60E5-E47A-49CC-B84E-AB3CD130CC4C}.Debug|Any CPU.Build.0 = Debug|Any CPU
		{36DC60E5-E47A-49CC-B84E-AB3CD130CC4C}.Release|Any CPU.ActiveCfg = Release|Any CPU
		{36DC60E5-E47A-49CC-B84E-AB3CD130CC4C}.Release|Any CPU.Build.0 = Release|Any CPU
		{47C11B26-977B-4696-B490-30C755B38F2C}.Debug|Any CPU.ActiveCfg = Debug|Any CPU
		{47C11B26-977B-4696-B490-30C755B38F2C}.Debug|Any CPU.Build.0 = Debug|Any CPU
		{47C11B26-977B-4696-B490-30C755B38F2C}.Release|Any CPU.ActiveCfg = Release|Any CPU
		{47C11B26-977B-4696-B490-30C755B38F2C}.Release|Any CPU.Build.0 = Release|Any CPU
	EndGlobalSection
	GlobalSection(SolutionProperties) = preSolution
		HideSolutionNode = FALSE
	EndGlobalSection
	GlobalSection(ExtensibilityGlobals) = postSolution
		SolutionGuid = {8585DF17-F231-4D1E-ADA5-BDADA2C6FF99}
	EndGlobalSection
EndGlobal
